
Microsoft Visual Studio Solution File, Format Version 12.00
# Visual Studio 15
VisualStudioVersion = 15.0.28307.572
MinimumVisualStudioVersion = 10.0.40219.1
Project("{9A19103F-16F7-4668-BE54-9A1E7A4F7556}") = "Pidgeon.Web", "Pidgeon Messenger\Pidgeon.Web.csproj", "{70784B09-B0B8-4069-9D6D-55783A7BAEE3}"
EndProject
Project("{FAE04EC0-301F-11D3-BF4B-00C04F79EFBC}") = "Pidgeon.Data", "Pidgeon.Database\Pidgeon.Data.csproj", "{B92C350E-DA1A-4A31-AB6F-7F1A1FE8DF79}"
EndProject
Project("{FAE04EC0-301F-11D3-BF4B-00C04F79EFBC}") = "Pidgeon.Core", "Pidgeon.CoreProj\Pidgeon.Core.csproj", "{6F470316-7125-4816-9317-96B4368FFF6E}"
EndProject
Global
	GlobalSection(SolutionConfigurationPlatforms) = preSolution
		Debug|Any CPU = Debug|Any CPU
		Release|Any CPU = Release|Any CPU
	EndGlobalSection
	GlobalSection(ProjectConfigurationPlatforms) = postSolution
		{70784B09-B0B8-4069-9D6D-55783A7BAEE3}.Debug|Any CPU.ActiveCfg = Debug|Any CPU
		{70784B09-B0B8-4069-9D6D-55783A7BAEE3}.Debug|Any CPU.Build.0 = Debug|Any CPU
		{70784B09-B0B8-4069-9D6D-55783A7BAEE3}.Release|Any CPU.ActiveCfg = Release|Any CPU
		{70784B09-B0B8-4069-9D6D-55783A7BAEE3}.Release|Any CPU.Build.0 = Release|Any CPU
		{B92C350E-DA1A-4A31-AB6F-7F1A1FE8DF79}.Debug|Any CPU.ActiveCfg = Debug|Any CPU
		{B92C350E-DA1A-4A31-AB6F-7F1A1FE8DF79}.Debug|Any CPU.Build.0 = Debug|Any CPU
		{B92C350E-DA1A-4A31-AB6F-7F1A1FE8DF79}.Release|Any CPU.ActiveCfg = Release|Any CPU
		{B92C350E-DA1A-4A31-AB6F-7F1A1FE8DF79}.Release|Any CPU.Build.0 = Release|Any CPU
		{6F470316-7125-4816-9317-96B4368FFF6E}.Debug|Any CPU.ActiveCfg = Debug|Any CPU
		{6F470316-7125-4816-9317-96B4368FFF6E}.Debug|Any CPU.Build.0 = Debug|Any CPU
		{6F470316-7125-4816-9317-96B4368FFF6E}.Release|Any CPU.ActiveCfg = Release|Any CPU
		{6F470316-7125-4816-9317-96B4368FFF6E}.Release|Any CPU.Build.0 = Release|Any CPU
	EndGlobalSection
	GlobalSection(SolutionProperties) = preSolution
		HideSolutionNode = FALSE
	EndGlobalSection
	GlobalSection(ExtensibilityGlobals) = postSolution
		SolutionGuid = {992CAA42-2CFC-4D7F-82DD-E1DA47561537}
	EndGlobalSection
EndGlobal
